// !$*UTF8*$!
{
	archiveVersion = 1;
	classes = {
	};
	objectVersion = 51;
	objects = {

/* Begin PBXBuildFile section */
		0C2F16A72424404D005C92A7 /* LoginViewController.swift in Sources */ = {isa = PBXBuildFile; fileRef = 0C2F16A62424404D005C92A7 /* LoginViewController.swift */; };
		0C2F16A924244097005C92A7 /* FeedViewController.swift in Sources */ = {isa = PBXBuildFile; fileRef = 0C2F16A824244097005C92A7 /* FeedViewController.swift */; };
		0C2F16AB242449EE005C92A7 /* CameraViewController.swift in Sources */ = {isa = PBXBuildFile; fileRef = 0C2F16AA242449EE005C92A7 /* CameraViewController.swift */; };
		0C2F16AD24246687005C92A7 /* PostCell.swift in Sources */ = {isa = PBXBuildFile; fileRef = 0C2F16AC24246687005C92A7 /* PostCell.swift */; };
		0CD355A92423C6140098BECB /* AppDelegate.swift in Sources */ = {isa = PBXBuildFile; fileRef = 0CD355A82423C6140098BECB /* AppDelegate.swift */; };
		0CD355AB2423C6140098BECB /* SceneDelegate.swift in Sources */ = {isa = PBXBuildFile; fileRef = 0CD355AA2423C6140098BECB /* SceneDelegate.swift */; };
		0CD355B02423C6140098BECB /* Main.storyboard in Resources */ = {isa = PBXBuildFile; fileRef = 0CD355AE2423C6140098BECB /* Main.storyboard */; };
		0CD355B22423C6150098BECB /* Assets.xcassets in Resources */ = {isa = PBXBuildFile; fileRef = 0CD355B12423C6150098BECB /* Assets.xcassets */; };
		0CD355B52423C6150098BECB /* LaunchScreen.storyboard in Resources */ = {isa = PBXBuildFile; fileRef = 0CD355B32423C6150098BECB /* LaunchScreen.storyboard */; };
		0CD355C02423C6150098BECB /* parstagramTests.swift in Sources */ = {isa = PBXBuildFile; fileRef = 0CD355BF2423C6150098BECB /* parstagramTests.swift */; };
		0CD355CB2423C6150098BECB /* parstagramUITests.swift in Sources */ = {isa = PBXBuildFile; fileRef = 0CD355CA2423C6150098BECB /* parstagramUITests.swift */; };
		46EBEF43B2CDD38A785B8C14 /* Pods_parstagram_parstagramUITests.framework in Frameworks */ = {isa = PBXBuildFile; fileRef = BAE6532A304D93344B356BF0 /* Pods_parstagram_parstagramUITests.framework */; };
		97BB6DA9C8765B7A0326588C /* Pods_parstagramTests.framework in Frameworks */ = {isa = PBXBuildFile; fileRef = DA39CEB5D6C940246A51B764 /* Pods_parstagramTests.framework */; };
		C81C35F4B91ABB0580611692 /* Pods_parstagram.framework in Frameworks */ = {isa = PBXBuildFile; fileRef = 973602C0400D9CB302DBBA19 /* Pods_parstagram.framework */; };
/* End PBXBuildFile section */

/* Begin PBXContainerItemProxy section */
		0CD355BC2423C6150098BECB /* PBXContainerItemProxy */ = {
			isa = PBXContainerItemProxy;
			containerPortal = 0CD3559D2423C6140098BECB /* Project object */;
			proxyType = 1;
			remoteGlobalIDString = 0CD355A42423C6140098BECB;
			remoteInfo = parstagram;
		};
		0CD355C72423C6150098BECB /* PBXContainerItemProxy */ = {
			isa = PBXContainerItemProxy;
			containerPortal = 0CD3559D2423C6140098BECB /* Project object */;
			proxyType = 1;
			remoteGlobalIDString = 0CD355A42423C6140098BECB;
			remoteInfo = parstagram;
		};
/* End PBXContainerItemProxy section */

/* Begin PBXFileReference section */
		0C2F16A62424404D005C92A7 /* LoginViewController.swift */ = {isa = PBXFileReference; lastKnownFileType = sourcecode.swift; path = LoginViewController.swift; sourceTree = "<group>"; };
		0C2F16A824244097005C92A7 /* FeedViewController.swift */ = {isa = PBXFileReference; lastKnownFileType = sourcecode.swift; path = FeedViewController.swift; sourceTree = "<group>"; };
		0C2F16AA242449EE005C92A7 /* CameraViewController.swift */ = {isa = PBXFileReference; lastKnownFileType = sourcecode.swift; path = CameraViewController.swift; sourceTree = "<group>"; };
		0C2F16AC24246687005C92A7 /* PostCell.swift */ = {isa = PBXFileReference; lastKnownFileType = sourcecode.swift; path = PostCell.swift; sourceTree = "<group>"; };
		0CD355A52423C6140098BECB /* parstagram.app */ = {isa = PBXFileReference; explicitFileType = wrapper.application; includeInIndex = 0; path = parstagram.app; sourceTree = BUILT_PRODUCTS_DIR; };
		0CD355A82423C6140098BECB /* AppDelegate.swift */ = {isa = PBXFileReference; lastKnownFileType = sourcecode.swift; path = AppDelegate.swift; sourceTree = "<group>"; };
		0CD355AA2423C6140098BECB /* SceneDelegate.swift */ = {isa = PBXFileReference; lastKnownFileType = sourcecode.swift; path = SceneDelegate.swift; sourceTree = "<group>"; };
		0CD355AF2423C6140098BECB /* Base */ = {isa = PBXFileReference; lastKnownFileType = file.storyboard; name = Base; path = Base.lproj/Main.storyboard; sourceTree = "<group>"; };
		0CD355B12423C6150098BECB /* Assets.xcassets */ = {isa = PBXFileReference; lastKnownFileType = folder.assetcatalog; path = Assets.xcassets; sourceTree = "<group>"; };
		0CD355B42423C6150098BECB /* Base */ = {isa = PBXFileReference; lastKnownFileType = file.storyboard; name = Base; path = Base.lproj/LaunchScreen.storyboard; sourceTree = "<group>"; };
		0CD355B62423C6150098BECB /* Info.plist */ = {isa = PBXFileReference; lastKnownFileType = text.plist.xml; path = Info.plist; sourceTree = "<group>"; };
		0CD355BB2423C6150098BECB /* parstagramTests.xctest */ = {isa = PBXFileReference; explicitFileType = wrapper.cfbundle; includeInIndex = 0; path = parstagramTests.xctest; sourceTree = BUILT_PRODUCTS_DIR; };
		0CD355BF2423C6150098BECB /* parstagramTests.swift */ = {isa = PBXFileReference; lastKnownFileType = sourcecode.swift; path = parstagramTests.swift; sourceTree = "<group>"; };
		0CD355C12423C6150098BECB /* Info.plist */ = {isa = PBXFileReference; lastKnownFileType = text.plist.xml; path = Info.plist; sourceTree = "<group>"; };
		0CD355C62423C6150098BECB /* parstagramUITests.xctest */ = {isa = PBXFileReference; explicitFileType = wrapper.cfbundle; includeInIndex = 0; path = parstagramUITests.xctest; sourceTree = BUILT_PRODUCTS_DIR; };
		0CD355CA2423C6150098BECB /* parstagramUITests.swift */ = {isa = PBXFileReference; lastKnownFileType = sourcecode.swift; path = parstagramUITests.swift; sourceTree = "<group>"; };
		0CD355CC2423C6150098BECB /* Info.plist */ = {isa = PBXFileReference; lastKnownFileType = text.plist.xml; path = Info.plist; sourceTree = "<group>"; };
		277DC6CAD02DA1F97394B455 /* Pods-parstagramTests.release.xcconfig */ = {isa = PBXFileReference; includeInIndex = 1; lastKnownFileType = text.xcconfig; name = "Pods-parstagramTests.release.xcconfig"; path = "Target Support Files/Pods-parstagramTests/Pods-parstagramTests.release.xcconfig"; sourceTree = "<group>"; };
		5938E456C5CD0E1361A75B90 /* Pods-parstagram-parstagramUITests.debug.xcconfig */ = {isa = PBXFileReference; includeInIndex = 1; lastKnownFileType = text.xcconfig; name = "Pods-parstagram-parstagramUITests.debug.xcconfig"; path = "Target Support Files/Pods-parstagram-parstagramUITests/Pods-parstagram-parstagramUITests.debug.xcconfig"; sourceTree = "<group>"; };
		5D800D6E591C2E0D43F48021 /* Pods-parstagram-parstagramUITests.release.xcconfig */ = {isa = PBXFileReference; includeInIndex = 1; lastKnownFileType = text.xcconfig; name = "Pods-parstagram-parstagramUITests.release.xcconfig"; path = "Target Support Files/Pods-parstagram-parstagramUITests/Pods-parstagram-parstagramUITests.release.xcconfig"; sourceTree = "<group>"; };
		7631A9493461172771DF363D /* Pods-parstagram.release.xcconfig */ = {isa = PBXFileReference; includeInIndex = 1; lastKnownFileType = text.xcconfig; name = "Pods-parstagram.release.xcconfig"; path = "Target Support Files/Pods-parstagram/Pods-parstagram.release.xcconfig"; sourceTree = "<group>"; };
		973602C0400D9CB302DBBA19 /* Pods_parstagram.framework */ = {isa = PBXFileReference; explicitFileType = wrapper.framework; includeInIndex = 0; path = Pods_parstagram.framework; sourceTree = BUILT_PRODUCTS_DIR; };
		BAE6532A304D93344B356BF0 /* Pods_parstagram_parstagramUITests.framework */ = {isa = PBXFileReference; explicitFileType = wrapper.framework; includeInIndex = 0; path = Pods_parstagram_parstagramUITests.framework; sourceTree = BUILT_PRODUCTS_DIR; };
		C28073F307CF71D29088B166 /* Pods-parstagram.debug.xcconfig */ = {isa = PBXFileReference; includeInIndex = 1; lastKnownFileType = text.xcconfig; name = "Pods-parstagram.debug.xcconfig"; path = "Target Support Files/Pods-parstagram/Pods-parstagram.debug.xcconfig"; sourceTree = "<group>"; };
		D92B0E382DE9E2239DDC3D1C /* Pods-parstagramTests.debug.xcconfig */ = {isa = PBXFileReference; includeInIndex = 1; lastKnownFileType = text.xcconfig; name = "Pods-parstagramTests.debug.xcconfig"; path = "Target Support Files/Pods-parstagramTests/Pods-parstagramTests.debug.xcconfig"; sourceTree = "<group>"; };
		DA39CEB5D6C940246A51B764 /* Pods_parstagramTests.framework */ = {isa = PBXFileReference; explicitFileType = wrapper.framework; includeInIndex = 0; path = Pods_parstagramTests.framework; sourceTree = BUILT_PRODUCTS_DIR; };
/* End PBXFileReference section */

/* Begin PBXFrameworksBuildPhase section */
		0CD355A22423C6140098BECB /* Frameworks */ = {
			isa = PBXFrameworksBuildPhase;
			buildActionMask = 2147483647;
			files = (
				C81C35F4B91ABB0580611692 /* Pods_parstagram.framework in Frameworks */,
			);
			runOnlyForDeploymentPostprocessing = 0;
		};
		0CD355B82423C6150098BECB /* Frameworks */ = {
			isa = PBXFrameworksBuildPhase;
			buildActionMask = 2147483647;
			files = (
				97BB6DA9C8765B7A0326588C /* Pods_parstagramTests.framework in Frameworks */,
			);
			runOnlyForDeploymentPostprocessing = 0;
		};
		0CD355C32423C6150098BECB /* Frameworks */ = {
			isa = PBXFrameworksBuildPhase;
			buildActionMask = 2147483647;
			files = (
				46EBEF43B2CDD38A785B8C14 /* Pods_parstagram_parstagramUITests.framework in Frameworks */,
			);
			runOnlyForDeploymentPostprocessing = 0;
		};
/* End PBXFrameworksBuildPhase section */

/* Begin PBXGroup section */
		0CD3559C2423C6140098BECB = {
			isa = PBXGroup;
			children = (
				0CD355A72423C6140098BECB /* parstagram */,
				0CD355BE2423C6150098BECB /* parstagramTests */,
				0CD355C92423C6150098BECB /* parstagramUITests */,
				0CD355A62423C6140098BECB /* Products */,
				D2D829204CA53D4FB80E25A7 /* Pods */,
				44922A497F628DB7599652A6 /* Frameworks */,
			);
			sourceTree = "<group>";
		};
		0CD355A62423C6140098BECB /* Products */ = {
			isa = PBXGroup;
			children = (
				0CD355A52423C6140098BECB /* parstagram.app */,
				0CD355BB2423C6150098BECB /* parstagramTests.xctest */,
				0CD355C62423C6150098BECB /* parstagramUITests.xctest */,
			);
			name = Products;
			sourceTree = "<group>";
		};
		0CD355A72423C6140098BECB /* parstagram */ = {
			isa = PBXGroup;
			children = (
				0CD355A82423C6140098BECB /* AppDelegate.swift */,
				0CD355AA2423C6140098BECB /* SceneDelegate.swift */,
				0CD355AE2423C6140098BECB /* Main.storyboard */,
				0CD355B12423C6150098BECB /* Assets.xcassets */,
				0CD355B32423C6150098BECB /* LaunchScreen.storyboard */,
				0CD355B62423C6150098BECB /* Info.plist */,
				0C2F16A62424404D005C92A7 /* LoginViewController.swift */,
				0C2F16A824244097005C92A7 /* FeedViewController.swift */,
				0C2F16AA242449EE005C92A7 /* CameraViewController.swift */,
				0C2F16AC24246687005C92A7 /* PostCell.swift */,
			);
			path = parstagram;
			sourceTree = "<group>";
		};
		0CD355BE2423C6150098BECB /* parstagramTests */ = {
			isa = PBXGroup;
			children = (
				0CD355BF2423C6150098BECB /* parstagramTests.swift */,
				0CD355C12423C6150098BECB /* Info.plist */,
			);
			path = parstagramTests;
			sourceTree = "<group>";
		};
		0CD355C92423C6150098BECB /* parstagramUITests */ = {
			isa = PBXGroup;
			children = (
				0CD355CA2423C6150098BECB /* parstagramUITests.swift */,
				0CD355CC2423C6150098BECB /* Info.plist */,
			);
			path = parstagramUITests;
			sourceTree = "<group>";
		};
		44922A497F628DB7599652A6 /* Frameworks */ = {
			isa = PBXGroup;
			children = (
				973602C0400D9CB302DBBA19 /* Pods_parstagram.framework */,
				BAE6532A304D93344B356BF0 /* Pods_parstagram_parstagramUITests.framework */,
				DA39CEB5D6C940246A51B764 /* Pods_parstagramTests.framework */,
			);
			name = Frameworks;
			sourceTree = "<group>";
		};
		D2D829204CA53D4FB80E25A7 /* Pods */ = {
			isa = PBXGroup;
			children = (
				C28073F307CF71D29088B166 /* Pods-parstagram.debug.xcconfig */,
				7631A9493461172771DF363D /* Pods-parstagram.release.xcconfig */,
				5938E456C5CD0E1361A75B90 /* Pods-parstagram-parstagramUITests.debug.xcconfig */,
				5D800D6E591C2E0D43F48021 /* Pods-parstagram-parstagramUITests.release.xcconfig */,
				D92B0E382DE9E2239DDC3D1C /* Pods-parstagramTests.debug.xcconfig */,
				277DC6CAD02DA1F97394B455 /* Pods-parstagramTests.release.xcconfig */,
			);
			path = Pods;
			sourceTree = "<group>";
		};
/* End PBXGroup section */

/* Begin PBXNativeTarget section */
		0CD355A42423C6140098BECB /* parstagram */ = {
			isa = PBXNativeTarget;
			buildConfigurationList = 0CD355CF2423C6150098BECB /* Build configuration list for PBXNativeTarget "parstagram" */;
			buildPhases = (
				6CDB2F0D919FFC2D47D3F6E3 /* [CP] Check Pods Manifest.lock */,
				0CD355A12423C6140098BECB /* Sources */,
				0CD355A22423C6140098BECB /* Frameworks */,
				0CD355A32423C6140098BECB /* Resources */,
				EB5A6A03CDA6D8472A415151 /* [CP] Embed Pods Frameworks */,
			);
			buildRules = (
			);
			dependencies = (
			);
			name = parstagram;
			productName = parstagram;
			productReference = 0CD355A52423C6140098BECB /* parstagram.app */;
			productType = "com.apple.product-type.application";
		};
		0CD355BA2423C6150098BECB /* parstagramTests */ = {
			isa = PBXNativeTarget;
			buildConfigurationList = 0CD355D22423C6150098BECB /* Build configuration list for PBXNativeTarget "parstagramTests" */;
			buildPhases = (
				346F5EAA104AB5E349FABEC4 /* [CP] Check Pods Manifest.lock */,
				0CD355B72423C6150098BECB /* Sources */,
				0CD355B82423C6150098BECB /* Frameworks */,
				0CD355B92423C6150098BECB /* Resources */,
			);
			buildRules = (
			);
			dependencies = (
				0CD355BD2423C6150098BECB /* PBXTargetDependency */,
			);
			name = parstagramTests;
			productName = parstagramTests;
			productReference = 0CD355BB2423C6150098BECB /* parstagramTests.xctest */;
			productType = "com.apple.product-type.bundle.unit-test";
		};
		0CD355C52423C6150098BECB /* parstagramUITests */ = {
			isa = PBXNativeTarget;
			buildConfigurationList = 0CD355D52423C6150098BECB /* Build configuration list for PBXNativeTarget "parstagramUITests" */;
			buildPhases = (
				E4771D565EDA8B8A244DB187 /* [CP] Check Pods Manifest.lock */,
				0CD355C22423C6150098BECB /* Sources */,
				0CD355C32423C6150098BECB /* Frameworks */,
				0CD355C42423C6150098BECB /* Resources */,
				18A5FB44E3EF940DD306E4F5 /* [CP] Embed Pods Frameworks */,
			);
			buildRules = (
			);
			dependencies = (
				0CD355C82423C6150098BECB /* PBXTargetDependency */,
			);
			name = parstagramUITests;
			productName = parstagramUITests;
			productReference = 0CD355C62423C6150098BECB /* parstagramUITests.xctest */;
			productType = "com.apple.product-type.bundle.ui-testing";
		};
/* End PBXNativeTarget section */

/* Begin PBXProject section */
		0CD3559D2423C6140098BECB /* Project object */ = {
			isa = PBXProject;
			attributes = {
				LastSwiftUpdateCheck = 1130;
				LastUpgradeCheck = 1130;
				ORGANIZATIONNAME = "Duy Le";
				TargetAttributes = {
					0CD355A42423C6140098BECB = {
						CreatedOnToolsVersion = 11.3.1;
					};
					0CD355BA2423C6150098BECB = {
						CreatedOnToolsVersion = 11.3.1;
						TestTargetID = 0CD355A42423C6140098BECB;
					};
					0CD355C52423C6150098BECB = {
						CreatedOnToolsVersion = 11.3.1;
						TestTargetID = 0CD355A42423C6140098BECB;
					};
				};
			};
			buildConfigurationList = 0CD355A02423C6140098BECB /* Build configuration list for PBXProject "parstagram" */;
			compatibilityVersion = "Xcode 9.3";
			developmentRegion = en;
			hasScannedForEncodings = 0;
			knownRegions = (
				en,
				Base,
			);
			mainGroup = 0CD3559C2423C6140098BECB;
			productRefGroup = 0CD355A62423C6140098BECB /* Products */;
			projectDirPath = "";
			projectRoot = "";
			targets = (
				0CD355A42423C6140098BECB /* parstagram */,
				0CD355BA2423C6150098BECB /* parstagramTests */,
				0CD355C52423C6150098BECB /* parstagramUITests */,
			);
		};
/* End PBXProject section */

/* Begin PBXResourcesBuildPhase section */
		0CD355A32423C6140098BECB /* Resources */ = {
			isa = PBXResourcesBuildPhase;
			buildActionMask = 2147483647;
			files = (
				0CD355B52423C6150098BECB /* LaunchScreen.storyboard in Resources */,
				0CD355B22423C6150098BECB /* Assets.xcassets in Resources */,
				0CD355B02423C6140098BECB /* Main.storyboard in Resources */,
			);
			runOnlyForDeploymentPostprocessing = 0;
		};
		0CD355B92423C6150098BECB /* Resources */ = {
			isa = PBXResourcesBuildPhase;
			buildActionMask = 2147483647;
			files = (
			);
			runOnlyForDeploymentPostprocessing = 0;
		};
		0CD355C42423C6150098BECB /* Resources */ = {
			isa = PBXResourcesBuildPhase;
			buildActionMask = 2147483647;
			files = (
			);
			runOnlyForDeploymentPostprocessing = 0;
		};
/* End PBXResourcesBuildPhase section */

/* Begin PBXShellScriptBuildPhase section */
		18A5FB44E3EF940DD306E4F5 /* [CP] Embed Pods Frameworks */ = {
			isa = PBXShellScriptBuildPhase;
			buildActionMask = 2147483647;
			files = (
			);
			inputFileListPaths = (
				"${PODS_ROOT}/Target Support Files/Pods-parstagram-parstagramUITests/Pods-parstagram-parstagramUITests-frameworks-${CONFIGURATION}-input-files.xcfilelist",
			);
			name = "[CP] Embed Pods Frameworks";
			outputFileListPaths = (
				"${PODS_ROOT}/Target Support Files/Pods-parstagram-parstagramUITests/Pods-parstagram-parstagramUITests-frameworks-${CONFIGURATION}-output-files.xcfilelist",
			);
			runOnlyForDeploymentPostprocessing = 0;
			shellPath = /bin/sh;
			shellScript = "\"${PODS_ROOT}/Target Support Files/Pods-parstagram-parstagramUITests/Pods-parstagram-parstagramUITests-frameworks.sh\"\n";
			showEnvVarsInLog = 0;
		};
		346F5EAA104AB5E349FABEC4 /* [CP] Check Pods Manifest.lock */ = {
			isa = PBXShellScriptBuildPhase;
			buildActionMask = 2147483647;
			files = (
			);
			inputFileListPaths = (
			);
			inputPaths = (
				"${PODS_PODFILE_DIR_PATH}/Podfile.lock",
				"${PODS_ROOT}/Manifest.lock",
			);
			name = "[CP] Check Pods Manifest.lock";
			outputFileListPaths = (
			);
			outputPaths = (
				"$(DERIVED_FILE_DIR)/Pods-parstagramTests-checkManifestLockResult.txt",
			);
			runOnlyForDeploymentPostprocessing = 0;
			shellPath = /bin/sh;
			shellScript = "diff \"${PODS_PODFILE_DIR_PATH}/Podfile.lock\" \"${PODS_ROOT}/Manifest.lock\" > /dev/null\nif [ $? != 0 ] ; then\n    # print error to STDERR\n    echo \"error: The sandbox is not in sync with the Podfile.lock. Run 'pod install' or update your CocoaPods installation.\" >&2\n    exit 1\nfi\n# This output is used by Xcode 'outputs' to avoid re-running this script phase.\necho \"SUCCESS\" > \"${SCRIPT_OUTPUT_FILE_0}\"\n";
			showEnvVarsInLog = 0;
		};
		6CDB2F0D919FFC2D47D3F6E3 /* [CP] Check Pods Manifest.lock */ = {
			isa = PBXShellScriptBuildPhase;
			buildActionMask = 2147483647;
			files = (
			);
			inputFileListPaths = (
			);
			inputPaths = (
				"${PODS_PODFILE_DIR_PATH}/Podfile.lock",
				"${PODS_ROOT}/Manifest.lock",
			);
			name = "[CP] Check Pods Manifest.lock";
			outputFileListPaths = (
			);
			outputPaths = (
				"$(DERIVED_FILE_DIR)/Pods-parstagram-checkManifestLockResult.txt",
			);
			runOnlyForDeploymentPostprocessing = 0;
			shellPath = /bin/sh;
			shellScript = "diff \"${PODS_PODFILE_DIR_PATH}/Podfile.lock\" \"${PODS_ROOT}/Manifest.lock\" > /dev/null\nif [ $? != 0 ] ; then\n    # print error to STDERR\n    echo \"error: The sandbox is not in sync with the Podfile.lock. Run 'pod install' or update your CocoaPods installation.\" >&2\n    exit 1\nfi\n# This output is used by Xcode 'outputs' to avoid re-running this script phase.\necho \"SUCCESS\" > \"${SCRIPT_OUTPUT_FILE_0}\"\n";
			showEnvVarsInLog = 0;
		};
		E4771D565EDA8B8A244DB187 /* [CP] Check Pods Manifest.lock */ = {
			isa = PBXShellScriptBuildPhase;
			buildActionMask = 2147483647;
			files = (
			);
			inputFileListPaths = (
			);
			inputPaths = (
				"${PODS_PODFILE_DIR_PATH}/Podfile.lock",
				"${PODS_ROOT}/Manifest.lock",
			);
			name = "[CP] Check Pods Manifest.lock";
			outputFileListPaths = (
			);
			outputPaths = (
				"$(DERIVED_FILE_DIR)/Pods-parstagram-parstagramUITests-checkManifestLockResult.txt",
			);
			runOnlyForDeploymentPostprocessing = 0;
			shellPath = /bin/sh;
			shellScript = "diff \"${PODS_PODFILE_DIR_PATH}/Podfile.lock\" \"${PODS_ROOT}/Manifest.lock\" > /dev/null\nif [ $? != 0 ] ; then\n    # print error to STDERR\n    echo \"error: The sandbox is not in sync with the Podfile.lock. Run 'pod install' or update your CocoaPods installation.\" >&2\n    exit 1\nfi\n# This output is used by Xcode 'outputs' to avoid re-running this script phase.\necho \"SUCCESS\" > \"${SCRIPT_OUTPUT_FILE_0}\"\n";
			showEnvVarsInLog = 0;
		};
		EB5A6A03CDA6D8472A415151 /* [CP] Embed Pods Frameworks */ = {
			isa = PBXShellScriptBuildPhase;
			buildActionMask = 2147483647;
			files = (
			);
			inputFileListPaths = (
				"${PODS_ROOT}/Target Support Files/Pods-parstagram/Pods-parstagram-frameworks-${CONFIGURATION}-input-files.xcfilelist",
			);
			name = "[CP] Embed Pods Frameworks";
			outputFileListPaths = (
				"${PODS_ROOT}/Target Support Files/Pods-parstagram/Pods-parstagram-frameworks-${CONFIGURATION}-output-files.xcfilelist",
			);
			runOnlyForDeploymentPostprocessing = 0;
			shellPath = /bin/sh;
			shellScript = "\"${PODS_ROOT}/Target Support Files/Pods-parstagram/Pods-parstagram-frameworks.sh\"\n";
			showEnvVarsInLog = 0;
		};
/* End PBXShellScriptBuildPhase section */

/* Begin PBXSourcesBuildPhase section */
		0CD355A12423C6140098BECB /* Sources */ = {
			isa = PBXSourcesBuildPhase;
			buildActionMask = 2147483647;
			files = (
				0C2F16A72424404D005C92A7 /* LoginViewController.swift in Sources */,
				0C2F16AB242449EE005C92A7 /* CameraViewController.swift in Sources */,
				0CD355A92423C6140098BECB /* AppDelegate.swift in Sources */,
				0C2F16A924244097005C92A7 /* FeedViewController.swift in Sources */,
				0CD355AB2423C6140098BECB /* SceneDelegate.swift in Sources */,
				0C2F16AD24246687005C92A7 /* PostCell.swift in Sources */,
			);
			runOnlyForDeploymentPostprocessing = 0;
		};
		0CD355B72423C6150098BECB /* Sources */ = {
			isa = PBXSourcesBuildPhase;
			buildActionMask = 2147483647;
			files = (
				0CD355C02423C6150098BECB /* parstagramTests.swift in Sources */,
			);
			runOnlyForDeploymentPostprocessing = 0;
		};
		0CD355C22423C6150098BECB /* Sources */ = {
			isa = PBXSourcesBuildPhase;
			buildActionMask = 2147483647;
			files = (
				0CD355CB2423C6150098BECB /* parstagramUITests.swift in Sources */,
			);
			runOnlyForDeploymentPostprocessing = 0;
		};
/* End PBXSourcesBuildPhase section */

/* Begin PBXTargetDependency section */
		0CD355BD2423C6150098BECB /* PBXTargetDependency */ = {
			isa = PBXTargetDependency;
			target = 0CD355A42423C6140098BECB /* parstagram */;
			targetProxy = 0CD355BC2423C6150098BECB /* PBXContainerItemProxy */;
		};
		0CD355C82423C6150098BECB /* PBXTargetDependency */ = {
			isa = PBXTargetDependency;
			target = 0CD355A42423C6140098BECB /* parstagram */;
			targetProxy = 0CD355C72423C6150098BECB /* PBXContainerItemProxy */;
		};
/* End PBXTargetDependency section */

/* Begin PBXVariantGroup section */
		0CD355AE2423C6140098BECB /* Main.storyboard */ = {
			isa = PBXVariantGroup;
			children = (
				0CD355AF2423C6140098BECB /* Base */,
			);
			name = Main.storyboard;
			sourceTree = "<group>";
		};
		0CD355B32423C6150098BECB /* LaunchScreen.storyboard */ = {
			isa = PBXVariantGroup;
			children = (
				0CD355B42423C6150098BECB /* Base */,
			);
			name = LaunchScreen.storyboard;
			sourceTree = "<group>";
		};
/* End PBXVariantGroup section */

/* Begin XCBuildConfiguration section */
		0CD355CD2423C6150098BECB /* Debug */ = {
			isa = XCBuildConfiguration;
			buildSettings = {
				ALWAYS_SEARCH_USER_PATHS = NO;
				CLANG_ANALYZER_NONNULL = YES;
				CLANG_ANALYZER_NUMBER_OBJECT_CONVERSION = YES_AGGRESSIVE;
				CLANG_CXX_LANGUAGE_STANDARD = "gnu++14";
				CLANG_CXX_LIBRARY = "libc++";
				CLANG_ENABLE_MODULES = YES;
				CLANG_ENABLE_OBJC_ARC = YES;
				CLANG_ENABLE_OBJC_WEAK = YES;
				CLANG_WARN_BLOCK_CAPTURE_AUTORELEASING = YES;
				CLANG_WARN_BOOL_CONVERSION = YES;
				CLANG_WARN_COMMA = YES;
				CLANG_WARN_CONSTANT_CONVERSION = YES;
				CLANG_WARN_DEPRECATED_OBJC_IMPLEMENTATIONS = YES;
				CLANG_WARN_DIRECT_OBJC_ISA_USAGE = YES_ERROR;
				CLANG_WARN_DOCUMENTATION_COMMENTS = YES;
				CLANG_WARN_EMPTY_BODY = YES;
				CLANG_WARN_ENUM_CONVERSION = YES;
				CLANG_WARN_INFINITE_RECURSION = YES;
				CLANG_WARN_INT_CONVERSION = YES;
				CLANG_WARN_NON_LITERAL_NULL_CONVERSION = YES;
				CLANG_WARN_OBJC_IMPLICIT_RETAIN_SELF = YES;
				CLANG_WARN_OBJC_LITERAL_CONVERSION = YES;
				CLANG_WARN_OBJC_ROOT_CLASS = YES_ERROR;
				CLANG_WARN_RANGE_LOOP_ANALYSIS = YES;
				CLANG_WARN_STRICT_PROTOTYPES = YES;
				CLANG_WARN_SUSPICIOUS_MOVE = YES;
				CLANG_WARN_UNGUARDED_AVAILABILITY = YES_AGGRESSIVE;
				CLANG_WARN_UNREACHABLE_CODE = YES;
				CLANG_WARN__DUPLICATE_METHOD_MATCH = YES;
				COPY_PHASE_STRIP = NO;
				DEBUG_INFORMATION_FORMAT = dwarf;
				ENABLE_STRICT_OBJC_MSGSEND = YES;
				ENABLE_TESTABILITY = YES;
				GCC_C_LANGUAGE_STANDARD = gnu11;
				GCC_DYNAMIC_NO_PIC = NO;
				GCC_NO_COMMON_BLOCKS = YES;
				GCC_OPTIMIZATION_LEVEL = 0;
				GCC_PREPROCESSOR_DEFINITIONS = (
					"DEBUG=1",
					"$(inherited)",
				);
				GCC_WARN_64_TO_32_BIT_CONVERSION = YES;
				GCC_WARN_ABOUT_RETURN_TYPE = YES_ERROR;
				GCC_WARN_UNDECLARED_SELECTOR = YES;
				GCC_WARN_UNINITIALIZED_AUTOS = YES_AGGRESSIVE;
				GCC_WARN_UNUSED_FUNCTION = YES;
				GCC_WARN_UNUSED_VARIABLE = YES;
				IPHONEOS_DEPLOYMENT_TARGET = 13.2;
				MTL_ENABLE_DEBUG_INFO = INCLUDE_SOURCE;
				MTL_FAST_MATH = YES;
				ONLY_ACTIVE_ARCH = YES;
				SDKROOT = iphoneos;
				SWIFT_ACTIVE_COMPILATION_CONDITIONS = DEBUG;
				SWIFT_OPTIMIZATION_LEVEL = "-Onone";
			};
			name = Debug;
		};
		0CD355CE2423C6150098BECB /* Release */ = {
			isa = XCBuildConfiguration;
			buildSettings = {
				ALWAYS_SEARCH_USER_PATHS = NO;
				CLANG_ANALYZER_NONNULL = YES;
				CLANG_ANALYZER_NUMBER_OBJECT_CONVERSION = YES_AGGRESSIVE;
				CLANG_CXX_LANGUAGE_STANDARD = "gnu++14";
				CLANG_CXX_LIBRARY = "libc++";
				CLANG_ENABLE_MODULES = YES;
				CLANG_ENABLE_OBJC_ARC = YES;
				CLANG_ENABLE_OBJC_WEAK = YES;
				CLANG_WARN_BLOCK_CAPTURE_AUTORELEASING = YES;
				CLANG_WARN_BOOL_CONVERSION = YES;
				CLANG_WARN_COMMA = YES;
				CLANG_WARN_CONSTANT_CONVERSION = YES;
				CLANG_WARN_DEPRECATED_OBJC_IMPLEMENTATIONS = YES;
				CLANG_WARN_DIRECT_OBJC_ISA_USAGE = YES_ERROR;
				CLANG_WARN_DOCUMENTATION_COMMENTS = YES;
				CLANG_WARN_EMPTY_BODY = YES;
				CLANG_WARN_ENUM_CONVERSION = YES;
				CLANG_WARN_INFINITE_RECURSION = YES;
				CLANG_WARN_INT_CONVERSION = YES;
				CLANG_WARN_NON_LITERAL_NULL_CONVERSION = YES;
				CLANG_WARN_OBJC_IMPLICIT_RETAIN_SELF = YES;
				CLANG_WARN_OBJC_LITERAL_CONVERSION = YES;
				CLANG_WARN_OBJC_ROOT_CLASS = YES_ERROR;
				CLANG_WARN_RANGE_LOOP_ANALYSIS = YES;
				CLANG_WARN_STRICT_PROTOTYPES = YES;
				CLANG_WARN_SUSPICIOUS_MOVE = YES;
				CLANG_WARN_UNGUARDED_AVAILABILITY = YES_AGGRESSIVE;
				CLANG_WARN_UNREACHABLE_CODE = YES;
				CLANG_WARN__DUPLICATE_METHOD_MATCH = YES;
				COPY_PHASE_STRIP = NO;
				DEBUG_INFORMATION_FORMAT = "dwarf-with-dsym";
				ENABLE_NS_ASSERTIONS = NO;
				ENABLE_STRICT_OBJC_MSGSEND = YES;
				GCC_C_LANGUAGE_STANDARD = gnu11;
				GCC_NO_COMMON_BLOCKS = YES;
				GCC_WARN_64_TO_32_BIT_CONVERSION = YES;
				GCC_WARN_ABOUT_RETURN_TYPE = YES_ERROR;
				GCC_WARN_UNDECLARED_SELECTOR = YES;
				GCC_WARN_UNINITIALIZED_AUTOS = YES_AGGRESSIVE;
				GCC_WARN_UNUSED_FUNCTION = YES;
				GCC_WARN_UNUSED_VARIABLE = YES;
				IPHONEOS_DEPLOYMENT_TARGET = 13.2;
				MTL_ENABLE_DEBUG_INFO = NO;
				MTL_FAST_MATH = YES;
				SDKROOT = iphoneos;
				SWIFT_COMPILATION_MODE = wholemodule;
				SWIFT_OPTIMIZATION_LEVEL = "-O";
				VALIDATE_PRODUCT = YES;
			};
			name = Release;
		};
		0CD355D02423C6150098BECB /* Debug */ = {
			isa = XCBuildConfiguration;
			baseConfigurationReference = C28073F307CF71D29088B166 /* Pods-parstagram.debug.xcconfig */;
			buildSettings = {
				ASSETCATALOG_COMPILER_APPICON_NAME = AppIcon;
				CODE_SIGN_STYLE = Automatic;
				INFOPLIST_FILE = parstagram/Info.plist;
				LD_RUNPATH_SEARCH_PATHS = (
					"$(inherited)",
					"@executable_path/Frameworks",
				);
				PRODUCT_BUNDLE_IDENTIFIER = com.leduy10192.parstagram;
				PRODUCT_NAME = "$(TARGET_NAME)";
				SWIFT_VERSION = 5.0;
				TARGETED_DEVICE_FAMILY = "1,2";
			};
			name = Debug;
		};
		0CD355D12423C6150098BECB /* Release */ = {
			isa = XCBuildConfiguration;
			baseConfigurationReference = 7631A9493461172771DF363D /* Pods-parstagram.release.xcconfig */;
			buildSettings = {
				ASSETCATALOG_COMPILER_APPICON_NAME = AppIcon;
				CODE_SIGN_STYLE = Automatic;
				INFOPLIST_FILE = parstagram/Info.plist;
				LD_RUNPATH_SEARCH_PATHS = (
					"$(inherited)",
					"@executable_path/Frameworks",
				);
				PRODUCT_BUNDLE_IDENTIFIER = com.leduy10192.parstagram;
				PRODUCT_NAME = "$(TARGET_NAME)";
				SWIFT_VERSION = 5.0;
				TARGETED_DEVICE_FAMILY = "1,2";
			};
			name = Release;
		};
		0CD355D32423C6150098BECB /* Debug */ = {
			isa = XCBuildConfiguration;
			baseConfigurationReference = D92B0E382DE9E2239DDC3D1C /* Pods-parstagramTests.debug.xcconfig */;
			buildSettings = {
				ALWAYS_EMBED_SWIFT_STANDARD_LIBRARIES = YES;
				BUNDLE_LOADER = "$(TEST_HOST)";
				CODE_SIGN_STYLE = Automatic;
				INFOPLIST_FILE = parstagramTests/Info.plist;
				IPHONEOS_DEPLOYMENT_TARGET = 13.2;
				LD_RUNPATH_SEARCH_PATHS = (
					"$(inherited)",
					"@executable_path/Frameworks",
					"@loader_path/Frameworks",
				);
				PRODUCT_BUNDLE_IDENTIFIER = com.leduy10192.parstagramTests;
				PRODUCT_NAME = "$(TARGET_NAME)";
				SWIFT_VERSION = 5.0;
				TARGETED_DEVICE_FAMILY = "1,2";
				TEST_HOST = "$(BUILT_PRODUCTS_DIR)/parstagram.app/parstagram";
			};
			name = Debug;
		};
		0CD355D42423C6150098BECB /* Release */ = {
			isa = XCBuildConfiguration;
			baseConfigurationReference = 277DC6CAD02DA1F97394B455 /* Pods-parstagramTests.release.xcconfig */;
			buildSettings = {
				ALWAYS_EMBED_SWIFT_STANDARD_LIBRARIES = YES;
				BUNDLE_LOADER = "$(TEST_HOST)";
				CODE_SIGN_STYLE = Automatic;
				INFOPLIST_FILE = parstagramTests/Info.plist;
				IPHONEOS_DEPLOYMENT_TARGET = 13.2;
				LD_RUNPATH_SEARCH_PATHS = (
					"$(inherited)",
					"@executable_path/Frameworks",
					"@loader_path/Frameworks",
				);
				PRODUCT_BUNDLE_IDENTIFIER = com.leduy10192.parstagramTests;
				PRODUCT_NAME = "$(TARGET_NAME)";
				SWIFT_VERSION = 5.0;
				TARGETED_DEVICE_FAMILY = "1,2";
				TEST_HOST = "$(BUILT_PRODUCTS_DIR)/parstagram.app/parstagram";
			};
			name = Release;
		};
		0CD355D62423C6150098BECB /* Debug */ = {
			isa = XCBuildConfiguration;
			baseConfigurationReference = 5938E456C5CD0E1361A75B90 /* Pods-parstagram-parstagramUITests.debug.xcconfig */;
			buildSettings = {
				ALWAYS_EMBED_SWIFT_STANDARD_LIBRARIES = YES;
				CODE_SIGN_STYLE = Automatic;
				INFOPLIST_FILE = parstagramUITests/Info.plist;
				LD_RUNPATH_SEARCH_PATHS = (
					"$(inherited)",
					"@executable_path/Frameworks",
					"@loader_path/Frameworks",
				);
				PRODUCT_BUNDLE_IDENTIFIER = com.leduy10192.parstagramUITests;
				PRODUCT_NAME = "$(TARGET_NAME)";
				SWIFT_VERSION = 5.0;
				TARGETED_DEVICE_FAMILY = "1,2";
				TEST_TARGET_NAME = parstagram;
			};
			name = Debug;
		};
		0CD355D72423C6150098BECB /* Release */ = {
			isa = XCBuildConfiguration;
			baseConfigurationReference = 5D800D6E591C2E0D43F48021 /* Pods-parstagram-parstagramUITests.release.xcconfig */;
			buildSettings = {
				ALWAYS_EMBED_SWIFT_STANDARD_LIBRARIES = YES;
				CODE_SIGN_STYLE = Automatic;
				INFOPLIST_FILE = parstagramUITests/Info.plist;
				LD_RUNPATH_SEARCH_PATHS = (
					"$(inherited)",
					"@executable_path/Frameworks",
					"@loader_path/Frameworks",
				);
				PRODUCT_BUNDLE_IDENTIFIER = com.leduy10192.parstagramUITests;
				PRODUCT_NAME = "$(TARGET_NAME)";
				SWIFT_VERSION = 5.0;
				TARGETED_DEVICE_FAMILY = "1,2";
				TEST_TARGET_NAME = parstagram;
			};
			name = Release;
		};
/* End XCBuildConfiguration section */

/* Begin XCConfigurationList section */
		0CD355A02423C6140098BECB /* Build configuration list for PBXProject "parstagram" */ = {
			isa = XCConfigurationList;
			buildConfigurations = (
				0CD355CD2423C6150098BECB /* Debug */,
				0CD355CE2423C6150098BECB /* Release */,
			);
			defaultConfigurationIsVisible = 0;
			defaultConfigurationName = Release;
		};
		0CD355CF2423C6150098BECB /* Build configuration list for PBXNativeTarget "parstagram" */ = {
			isa = XCConfigurationList;
			buildConfigurations = (
				0CD355D02423C6150098BECB /* Debug */,
				0CD355D12423C6150098BECB /* Release */,
			);
			defaultConfigurationIsVisible = 0;
			defaultConfigurationName = Release;
		};
		0CD355D22423C6150098BECB /* Build configuration list for PBXNativeTarget "parstagramTests" */ = {
			isa = XCConfigurationList;
			buildConfigurations = (
				0CD355D32423C6150098BECB /* Debug */,
				0CD355D42423C6150098BECB /* Release */,
			);
			defaultConfigurationIsVisible = 0;
			defaultConfigurationName = Release;
		};
		0CD355D52423C6150098BECB /* Build configuration list for PBXNativeTarget "parstagramUITests" */ = {
			isa = XCConfigurationList;
			buildConfigurations = (
				0CD355D62423C6150098BECB /* Debug */,
				0CD355D72423C6150098BECB /* Release */,
			);
			defaultConfigurationIsVisible = 0;
			defaultConfigurationName = Release;
		};
/* End XCConfigurationList section */
	};
	rootObject = 0CD3559D2423C6140098BECB /* Project object */;
}
